
Microsoft Visual Studio Solution File, Format Version 12.00
# Visual Studio Version 16
VisualStudioVersion = 16.0.30804.86
MinimumVisualStudioVersion = 10.0.40219.1
Project("{9A19103F-16F7-4668-BE54-9A1E7A4F7556}") = "Problem1", "Problem1\Problem1.csproj", "{EC0D0DBF-552D-4142-894E-F97340D23FE2}"
EndProject
Project("{FAE04EC0-301F-11D3-BF4B-00C04F79EFBC}") = "Problem2", "Problem2\Problem2.csproj", "{B401977B-FAA4-4F35-862A-4418A3215D0B}"
EndProject
Global
	GlobalSection(SolutionConfigurationPlatforms) = preSolution
		Debug|Any CPU = Debug|Any CPU
		Release|Any CPU = Release|Any CPU
	EndGlobalSection
	GlobalSection(ProjectConfigurationPlatforms) = postSolution
		{EC0D0DBF-552D-4142-894E-F97340D23FE2}.Debug|Any CPU.ActiveCfg = Debug|Any CPU
		{EC0D0DBF-552D-4142-894E-F97340D23FE2}.Debug|Any CPU.Build.0 = Debug|Any CPU
		{EC0D0DBF-552D-4142-894E-F97340D23FE2}.Release|Any CPU.ActiveCfg = Release|Any CPU
		{EC0D0DBF-552D-4142-894E-F97340D23FE2}.Release|Any CPU.Build.0 = Release|Any CPU
		{B401977B-FAA4-4F35-862A-4418A3215D0B}.Debug|Any CPU.ActiveCfg = Debug|Any CPU
		{B401977B-FAA4-4F35-862A-4418A3215D0B}.Debug|Any CPU.Build.0 = Debug|Any CPU
		{B401977B-FAA4-4F35-862A-4418A3215D0B}.Release|Any CPU.ActiveCfg = Release|Any CPU
		{B401977B-FAA4-4F35-862A-4418A3215D0B}.Release|Any CPU.Build.0 = Release|Any CPU
	EndGlobalSection
	GlobalSection(SolutionProperties) = preSolution
		HideSolutionNode = FALSE
	EndGlobalSection
	GlobalSection(ExtensibilityGlobals) = postSolution
		SolutionGuid = {39BD75A0-3164-4611-BE46-068C37FC738C}
	EndGlobalSection
EndGlobal
